
Microsoft Visual Studio Solution File, Format Version 12.00
# Visual Studio 15
VisualStudioVersion = 15.0.27703.2000
MinimumVisualStudioVersion = 10.0.40219.1
Project("{FAE04EC0-301F-11D3-BF4B-00C04F79EFBC}") = "AspectOrientedProgramming", "AspectOrientedProgramming\AspectOrientedProgramming.csproj", "{FE07FC36-037E-4FEF-8148-72154E8C3BED}"
EndProject
Global
	GlobalSection(SolutionConfigurationPlatforms) = preSolution
		Debug|Any CPU = Debug|Any CPU
		Release|Any CPU = Release|Any CPU
	EndGlobalSection
	GlobalSection(ProjectConfigurationPlatforms) = postSolution
		{FE07FC36-037E-4FEF-8148-72154E8C3BED}.Debug|Any CPU.ActiveCfg = Debug|Any CPU
		{FE07FC36-037E-4FEF-8148-72154E8C3BED}.Debug|Any CPU.Build.0 = Debug|Any CPU
		{FE07FC36-037E-4FEF-8148-72154E8C3BED}.Release|Any CPU.ActiveCfg = Release|Any CPU
		{FE07FC36-037E-4FEF-8148-72154E8C3BED}.Release|Any CPU.Build.0 = Release|Any CPU
	EndGlobalSection
	GlobalSection(SolutionProperties) = preSolution
		HideSolutionNode = FALSE
	EndGlobalSection
	GlobalSection(ExtensibilityGlobals) = postSolution
		SolutionGuid = {7BDC1111-7698-4B4D-9879-D37980796797}
	EndGlobalSection
EndGlobal
